---
sources:
- name: ruby/gem_rbs_collection
  remote: https://github.com/ruby/gem_rbs_collection.git
  revision: main
  repo_dir: gems
path: ".gem_rbs_collection"
gems:
- name: set
  version: '0'
  source:
    type: stdlib
- name: rbs
  version: 2.8.0.pre.1
  source:
    type: rubygems
- name: dbm
  version: '0'
  source:
    type: stdlib
- name: activesupport
  version: '6.0'
  source:
    type: git
    name: ruby/gem_rbs_collection
    revision: 94fcc911186b127cffdfd7a378b5e0b511196089
    remote: https://github.com/ruby/gem_rbs_collection.git
    repo_dir: gems
- name: ast
  version: '2.4'
  source:
    type: git
    name: ruby/gem_rbs_collection
    revision: 94fcc911186b127cffdfd7a378b5e0b511196089
    remote: https://github.com/ruby/gem_rbs_collection.git
    repo_dir: gems
- name: csv
  version: '0'
  source:
    type: stdlib
- name: fileutils
  version: '0'
  source:
    type: stdlib
- name: i18n
  version: '1.10'
  source:
    type: git
    name: ruby/gem_rbs_collection
    revision: 94fcc911186b127cffdfd7a378b5e0b511196089
    remote: https://github.com/ruby/gem_rbs_collection.git
    repo_dir: gems
- name: json
  version: '0'
  source:
    type: stdlib
- name: listen
  version: '3.2'
  source:
    type: git
    name: ruby/gem_rbs_collection
    revision: 94fcc911186b127cffdfd7a378b5e0b511196089
    remote: https://github.com/ruby/gem_rbs_collection.git
    repo_dir: gems
- name: logger
  version: '0'
  source:
    type: stdlib
- name: minitest
  version: '0'
  source:
    type: stdlib
- name: parallel
  version: '1.20'
  source:
    type: git
    name: ruby/gem_rbs_collection
    revision: 94fcc911186b127cffdfd7a378b5e0b511196089
    remote: https://github.com/ruby/gem_rbs_collection.git
    repo_dir: gems
- name: rainbow
  version: '3.0'
  source:
    type: git
    name: ruby/gem_rbs_collection
    revision: 94fcc911186b127cffdfd7a378b5e0b511196089
    remote: https://github.com/ruby/gem_rbs_collection.git
    repo_dir: gems
- name: securerandom
  version: '0'
  source:
    type: stdlib
- name: strscan
  version: '0'
  source:
    type: stdlib
- name: pathname
  version: '0'
  source:
    type: stdlib
- name: optparse
  version: '0'
  source:
    type: stdlib
- name: tsort
  version: '0'
  source:
    type: stdlib
- name: rdoc
  version: '0'
  source:
    type: stdlib
- name: monitor
  version: '0'
  source:
    type: stdlib
- name: date
  version: '0'
  source:
    type: stdlib
- name: singleton
  version: '0'
  source:
    type: stdlib
- name: mutex_m
  version: '0'
  source:
    type: stdlib
- name: time
  version: '0'
  source:
    type: stdlib
- name: forwardable
  version: '0'
  source:
    type: stdlib
gemfile_lock_path: Gemfile.steep.lock
